{
  "name": "monotributo-suma-anual",
  "version": "1.0.0",
  "lockfileVersion": 1,
  "requires": true,
  "dependencies": {
    "highland": {
      "version": "2.13.4",
      "resolved": "https://registry.npmjs.org/highland/-/highland-2.13.4.tgz",
      "integrity": "sha512-r+YlbnBhCTcrcVzBpzPcrvB0llVjeDWKuXSZVuNBe5WgQJtN2xGUUMZC9WzHCntNIx0rskVernxLoFJUCkmb/Q==",
      "requires": {
        "util-deprecate": "^1.0.2"
      }
    },
    "highland-errors-to": {
      "version": "2.0.1",
      "resolved": "https://registry.npmjs.org/highland-errors-to/-/highland-errors-to-2.0.1.tgz",
      "integrity": "sha1-XSY8jUoXjdjWESxy4hmw2tkOTSc=",
      "requires": {
        "highland": "^2.4.0"
      }
    },
    "highland-process": {
      "version": "1.0.5",
      "resolved": "https://registry.npmjs.org/highland-process/-/highland-process-1.0.5.tgz",
      "integrity": "sha1-HAnEG1F7lA6+sgaXOaiylv7PJug=",
      "requires": {
        "highland": "^2.2.0",
        "highland-errors-to": "^2.0.1"
      }
    },
    "lodash": {
      "version": "4.17.15",
      "resolved": "https://registry.npmjs.org/lodash/-/lodash-4.17.15.tgz",
      "integrity": "sha512-8xOcRHvCjnocdS5cpwXQXVzmmh5e5+saE2QGoeQmbKmRS6J3VQppPOIt0MnmE+4xlZoumy0GPG0D0MVIQbNA1A=="
    },
    "tabula-js": {
      "version": "1.0.1",
      "resolved": "https://registry.npmjs.org/tabula-js/-/tabula-js-1.0.1.tgz",
      "integrity": "sha1-rug+gozdicryXf6Mf46Vpw//bPs=",
      "requires": {
        "highland": "^2.8.1",
        "highland-process": "^1.0.5",
        "lodash": "^4.13.1"
      }
    },
    "util-deprecate": {
      "version": "1.0.2",
      "resolved": "https://registry.npmjs.org/util-deprecate/-/util-deprecate-1.0.2.tgz",
      "integrity": "sha1-RQ1Nyfpw3nMnYvvS1KKJgUGaDM8="
    }
  }
}
