{
  "name": "monotributo-suma-anual",
  "version": "1.0.0",
  "lockfileVersion": 1,
  "requires": true,
  "dependencies": {
    "pdf.js-extract": {
      "version": "0.1.1",
      "resolved": "https://registry.npmjs.org/pdf.js-extract/-/pdf.js-extract-0.1.1.tgz",
      "integrity": "sha512-lCu7SwJuc65EnkhnLuAZa5RsinkCjtJ1sk/ufjpy//eTa9NvnmOM1wBP722eDHVkfGnpqT4IUrj7cf4alWQWSg=="
    }
  }
}
